
Microsoft Visual Studio Solution File, Format Version 12.00
# Visual Studio Version 16
VisualStudioVersion = 16.0.30320.27
MinimumVisualStudioVersion = 10.0.40219.1
Project("{FAE04EC0-301F-11D3-BF4B-00C04F79EFBC}") = "RockPaperScissors", "RockPaperScissors.csproj", "{CB2640A0-BAAC-4986-9580-C71A31E6B598}"
EndProject
Global
	GlobalSection(SolutionConfigurationPlatforms) = preSolution
		Debug|Any CPU = Debug|Any CPU
		Release|Any CPU = Release|Any CPU
	EndGlobalSection
	GlobalSection(ProjectConfigurationPlatforms) = postSolution
		{CB2640A0-BAAC-4986-9580-C71A31E6B598}.Debug|Any CPU.ActiveCfg = Debug|Any CPU
		{CB2640A0-BAAC-4986-9580-C71A31E6B598}.Debug|Any CPU.Build.0 = Debug|Any CPU
		{CB2640A0-BAAC-4986-9580-C71A31E6B598}.Release|Any CPU.ActiveCfg = Release|Any CPU
		{CB2640A0-BAAC-4986-9580-C71A31E6B598}.Release|Any CPU.Build.0 = Release|Any CPU
	EndGlobalSection
	GlobalSection(SolutionProperties) = preSolution
		HideSolutionNode = FALSE
	EndGlobalSection
	GlobalSection(ExtensibilityGlobals) = postSolution
		SolutionGuid = {E9384640-485D-40D2-88A0-AC717775E17D}
	EndGlobalSection
EndGlobal
